
Microsoft Visual Studio Solution File, Format Version 12.00
# Visual Studio Version 16
VisualStudioVersion = 16.0.32407.337
MinimumVisualStudioVersion = 10.0.40219.1
Project("{9A19103F-16F7-4668-BE54-9A1E7A4F7556}") = "Encapsulation", "Encapsulation\Encapsulation.csproj", "{0F7C0A85-1F05-44C5-BE28-756C0D9BAA58}"
EndProject
Project("{9A19103F-16F7-4668-BE54-9A1E7A4F7556}") = "InvoiceAplication", "InvoiceAplication\InvoiceAplication.csproj", "{CA7AE852-08A3-4899-B7EF-2C23E8EF500B}"
EndProject
Project("{9A19103F-16F7-4668-BE54-9A1E7A4F7556}") = "LinqBasic", "LinqBasic\LinqBasic.csproj", "{8BDE4F02-221E-4C1F-BEFA-789EE1610E24}"
EndProject
Project("{9A19103F-16F7-4668-BE54-9A1E7A4F7556}") = "OOPRemainingConcepts", "OOPRemainingConcepts\OOPRemainingConcepts.csproj", "{BB98F23F-1FCC-4842-972A-90418E69A509}"
EndProject
Project("{9A19103F-16F7-4668-BE54-9A1E7A4F7556}") = "ClassesAndStructs", "ClassesAndStructs\ClassesAndStructs.csproj", "{1587BB9D-4D97-40AE-B033-B18EE2FA599C}"
EndProject
Project("{9A19103F-16F7-4668-BE54-9A1E7A4F7556}") = "GenericsIntroduction", "GenericsIntroduction\GenericsIntroduction.csproj", "{32E4F31B-AA7D-4DC1-B59B-9843441B259E}"
EndProject
Project("{9A19103F-16F7-4668-BE54-9A1E7A4F7556}") = "ExtensionMethods", "ExtensionMethods\ExtensionMethods.csproj", "{FB92D07B-D2EB-48EE-88E3-ED6BA4580494}"
EndProject
Project("{FAE04EC0-301F-11D3-BF4B-00C04F79EFBC}") = "WinFormsIntro", "WinFormsIntro\WinFormsIntro.csproj", "{C555661A-4507-4F78-9525-7CC546AFAFAC}"
EndProject
Project("{FAE04EC0-301F-11D3-BF4B-00C04F79EFBC}") = "BasicsOfLinq", "BasicsOfLinq\BasicsOfLinq.csproj", "{858B2D8C-AA1A-4C6B-8972-C7D8C5B3636B}"
EndProject
Global
	GlobalSection(SolutionConfigurationPlatforms) = preSolution
		Debug|Any CPU = Debug|Any CPU
		Release|Any CPU = Release|Any CPU
	EndGlobalSection
	GlobalSection(ProjectConfigurationPlatforms) = postSolution
		{0F7C0A85-1F05-44C5-BE28-756C0D9BAA58}.Debug|Any CPU.ActiveCfg = Debug|Any CPU
		{0F7C0A85-1F05-44C5-BE28-756C0D9BAA58}.Debug|Any CPU.Build.0 = Debug|Any CPU
		{0F7C0A85-1F05-44C5-BE28-756C0D9BAA58}.Release|Any CPU.ActiveCfg = Release|Any CPU
		{0F7C0A85-1F05-44C5-BE28-756C0D9BAA58}.Release|Any CPU.Build.0 = Release|Any CPU
		{CA7AE852-08A3-4899-B7EF-2C23E8EF500B}.Debug|Any CPU.ActiveCfg = Debug|Any CPU
		{CA7AE852-08A3-4899-B7EF-2C23E8EF500B}.Debug|Any CPU.Build.0 = Debug|Any CPU
		{CA7AE852-08A3-4899-B7EF-2C23E8EF500B}.Release|Any CPU.ActiveCfg = Release|Any CPU
		{CA7AE852-08A3-4899-B7EF-2C23E8EF500B}.Release|Any CPU.Build.0 = Release|Any CPU
		{8BDE4F02-221E-4C1F-BEFA-789EE1610E24}.Debug|Any CPU.ActiveCfg = Debug|Any CPU
		{8BDE4F02-221E-4C1F-BEFA-789EE1610E24}.Debug|Any CPU.Build.0 = Debug|Any CPU
		{8BDE4F02-221E-4C1F-BEFA-789EE1610E24}.Release|Any CPU.ActiveCfg = Release|Any CPU
		{8BDE4F02-221E-4C1F-BEFA-789EE1610E24}.Release|Any CPU.Build.0 = Release|Any CPU
		{BB98F23F-1FCC-4842-972A-90418E69A509}.Debug|Any CPU.ActiveCfg = Debug|Any CPU
		{BB98F23F-1FCC-4842-972A-90418E69A509}.Debug|Any CPU.Build.0 = Debug|Any CPU
		{BB98F23F-1FCC-4842-972A-90418E69A509}.Release|Any CPU.ActiveCfg = Release|Any CPU
		{BB98F23F-1FCC-4842-972A-90418E69A509}.Release|Any CPU.Build.0 = Release|Any CPU
		{1587BB9D-4D97-40AE-B033-B18EE2FA599C}.Debug|Any CPU.ActiveCfg = Debug|Any CPU
		{1587BB9D-4D97-40AE-B033-B18EE2FA599C}.Debug|Any CPU.Build.0 = Debug|Any CPU
		{1587BB9D-4D97-40AE-B033-B18EE2FA599C}.Release|Any CPU.ActiveCfg = Release|Any CPU
		{1587BB9D-4D97-40AE-B033-B18EE2FA599C}.Release|Any CPU.Build.0 = Release|Any CPU
		{32E4F31B-AA7D-4DC1-B59B-9843441B259E}.Debug|Any CPU.ActiveCfg = Debug|Any CPU
		{32E4F31B-AA7D-4DC1-B59B-9843441B259E}.Debug|Any CPU.Build.0 = Debug|Any CPU
		{32E4F31B-AA7D-4DC1-B59B-9843441B259E}.Release|Any CPU.ActiveCfg = Release|Any CPU
		{32E4F31B-AA7D-4DC1-B59B-9843441B259E}.Release|Any CPU.Build.0 = Release|Any CPU
		{FB92D07B-D2EB-48EE-88E3-ED6BA4580494}.Debug|Any CPU.ActiveCfg = Debug|Any CPU
		{FB92D07B-D2EB-48EE-88E3-ED6BA4580494}.Debug|Any CPU.Build.0 = Debug|Any CPU
		{FB92D07B-D2EB-48EE-88E3-ED6BA4580494}.Release|Any CPU.ActiveCfg = Release|Any CPU
		{FB92D07B-D2EB-48EE-88E3-ED6BA4580494}.Release|Any CPU.Build.0 = Release|Any CPU
		{C555661A-4507-4F78-9525-7CC546AFAFAC}.Debug|Any CPU.ActiveCfg = Debug|Any CPU
		{C555661A-4507-4F78-9525-7CC546AFAFAC}.Debug|Any CPU.Build.0 = Debug|Any CPU
		{C555661A-4507-4F78-9525-7CC546AFAFAC}.Release|Any CPU.ActiveCfg = Release|Any CPU
		{C555661A-4507-4F78-9525-7CC546AFAFAC}.Release|Any CPU.Build.0 = Release|Any CPU
		{858B2D8C-AA1A-4C6B-8972-C7D8C5B3636B}.Debug|Any CPU.ActiveCfg = Debug|Any CPU
		{858B2D8C-AA1A-4C6B-8972-C7D8C5B3636B}.Debug|Any CPU.Build.0 = Debug|Any CPU
		{858B2D8C-AA1A-4C6B-8972-C7D8C5B3636B}.Release|Any CPU.ActiveCfg = Release|Any CPU
		{858B2D8C-AA1A-4C6B-8972-C7D8C5B3636B}.Release|Any CPU.Build.0 = Release|Any CPU
	EndGlobalSection
	GlobalSection(SolutionProperties) = preSolution
		HideSolutionNode = FALSE
	EndGlobalSection
	GlobalSection(ExtensibilityGlobals) = postSolution
		SolutionGuid = {46048873-E177-47AB-8B79-B0FC1ECD2D61}
	EndGlobalSection
EndGlobal
